// !$*UTF8*$!
{
	archiveVersion = 1;
	classes = {
	};
	objectVersion = 56;
	objects = {

/* Begin PBXBuildFile section */
		510F12E82BB1ABFE0043EF01 /* TextFields.swift in Sources */ = {isa = PBXBuildFile; fileRef = 510F12E72BB1ABFE0043EF01 /* TextFields.swift */; };
		510F12EA2BB1BDA60043EF01 /* SaveButton.swift in Sources */ = {isa = PBXBuildFile; fileRef = 510F12E92BB1BDA60043EF01 /* SaveButton.swift */; };
		510F12F22BB2FA240043EF01 /* AccountListView.swift in Sources */ = {isa = PBXBuildFile; fileRef = 510F12F12BB2FA240043EF01 /* AccountListView.swift */; };
		510F12F42BB302040043EF01 /* AccountDitailView.swift in Sources */ = {isa = PBXBuildFile; fileRef = 510F12F32BB302040043EF01 /* AccountDitailView.swift */; };
		510F12F62BB307140043EF01 /* AccountCreationView.swift in Sources */ = {isa = PBXBuildFile; fileRef = 510F12F52BB307140043EF01 /* AccountCreationView.swift */; };
		51164C6E2BB066DA009EC15B /* MainScren.swift in Sources */ = {isa = PBXBuildFile; fileRef = 51164C6D2BB066DA009EC15B /* MainScren.swift */; };
		51164C702BB06814009EC15B /* TransactionView.swift in Sources */ = {isa = PBXBuildFile; fileRef = 51164C6F2BB06814009EC15B /* TransactionView.swift */; };
		51164C722BB0737B009EC15B /* TransactionRow.swift in Sources */ = {isa = PBXBuildFile; fileRef = 51164C712BB0737B009EC15B /* TransactionRow.swift */; };
		5148BEEC2BB30C230065292F /* AccountListTitle.swift in Sources */ = {isa = PBXBuildFile; fileRef = 5148BEEB2BB30C230065292F /* AccountListTitle.swift */; };
		514FBA0F2B8B537600575B5E /* Extention.swift in Sources */ = {isa = PBXBuildFile; fileRef = 514FBA0E2B8B537600575B5E /* Extention.swift */; };
		514FBA1F2B8B7CB900575B5E /* TransactionListViewModel.swift in Sources */ = {isa = PBXBuildFile; fileRef = 514FBA1E2B8B7CB900575B5E /* TransactionListViewModel.swift */; };
		519B157F2B8A71AC00C564A8 /* MoneyTrakerApp.swift in Sources */ = {isa = PBXBuildFile; fileRef = 519B157E2B8A71AC00C564A8 /* MoneyTrakerApp.swift */; };
		519B15812B8A71AC00C564A8 /* ContentView.swift in Sources */ = {isa = PBXBuildFile; fileRef = 519B15802B8A71AC00C564A8 /* ContentView.swift */; };
		519B15832B8A71AF00C564A8 /* Assets.xcassets in Resources */ = {isa = PBXBuildFile; fileRef = 519B15822B8A71AF00C564A8 /* Assets.xcassets */; };
		519B15862B8A71AF00C564A8 /* Preview Assets.xcassets in Resources */ = {isa = PBXBuildFile; fileRef = 519B15852B8A71AF00C564A8 /* Preview Assets.xcassets */; };
		519B158D2B8A72ED00C564A8 /* Extentions.swift in Sources */ = {isa = PBXBuildFile; fileRef = 519B158C2B8A72ED00C564A8 /* Extentions.swift */; };
/* End PBXBuildFile section */

/* Begin PBXFileReference section */
		510F12E72BB1ABFE0043EF01 /* TextFields.swift */ = {isa = PBXFileReference; lastKnownFileType = sourcecode.swift; path = TextFields.swift; sourceTree = "<group>"; };
		510F12E92BB1BDA60043EF01 /* SaveButton.swift */ = {isa = PBXFileReference; lastKnownFileType = sourcecode.swift; path = SaveButton.swift; sourceTree = "<group>"; };
		510F12F12BB2FA240043EF01 /* AccountListView.swift */ = {isa = PBXFileReference; lastKnownFileType = sourcecode.swift; path = AccountListView.swift; sourceTree = "<group>"; };
		510F12F32BB302040043EF01 /* AccountDitailView.swift */ = {isa = PBXFileReference; lastKnownFileType = sourcecode.swift; path = AccountDitailView.swift; sourceTree = "<group>"; };
		510F12F52BB307140043EF01 /* AccountCreationView.swift */ = {isa = PBXFileReference; lastKnownFileType = sourcecode.swift; path = AccountCreationView.swift; sourceTree = "<group>"; };
		51164C6D2BB066DA009EC15B /* MainScren.swift */ = {isa = PBXFileReference; lastKnownFileType = sourcecode.swift; path = MainScren.swift; sourceTree = "<group>"; };
		51164C6F2BB06814009EC15B /* TransactionView.swift */ = {isa = PBXFileReference; lastKnownFileType = sourcecode.swift; path = TransactionView.swift; sourceTree = "<group>"; };
		51164C712BB0737B009EC15B /* TransactionRow.swift */ = {isa = PBXFileReference; lastKnownFileType = sourcecode.swift; path = TransactionRow.swift; sourceTree = "<group>"; };
		5148BEEB2BB30C230065292F /* AccountListTitle.swift */ = {isa = PBXFileReference; lastKnownFileType = sourcecode.swift; path = AccountListTitle.swift; sourceTree = "<group>"; };
		514FBA0E2B8B537600575B5E /* Extention.swift */ = {isa = PBXFileReference; lastKnownFileType = sourcecode.swift; path = Extention.swift; sourceTree = "<group>"; };
		514FBA1E2B8B7CB900575B5E /* TransactionListViewModel.swift */ = {isa = PBXFileReference; lastKnownFileType = sourcecode.swift; path = TransactionListViewModel.swift; sourceTree = "<group>"; };
		514FBA202B8B8D0900575B5E /* Info.plist */ = {isa = PBXFileReference; lastKnownFileType = text.plist; path = Info.plist; sourceTree = "<group>"; };
		519B157B2B8A71AC00C564A8 /* MoneyTraker.app */ = {isa = PBXFileReference; explicitFileType = wrapper.application; includeInIndex = 0; path = MoneyTraker.app; sourceTree = BUILT_PRODUCTS_DIR; };
		519B157E2B8A71AC00C564A8 /* MoneyTrakerApp.swift */ = {isa = PBXFileReference; lastKnownFileType = sourcecode.swift; path = MoneyTrakerApp.swift; sourceTree = "<group>"; };
		519B15802B8A71AC00C564A8 /* ContentView.swift */ = {isa = PBXFileReference; lastKnownFileType = sourcecode.swift; path = ContentView.swift; sourceTree = "<group>"; };
		519B15822B8A71AF00C564A8 /* Assets.xcassets */ = {isa = PBXFileReference; lastKnownFileType = folder.assetcatalog; path = Assets.xcassets; sourceTree = "<group>"; };
		519B15852B8A71AF00C564A8 /* Preview Assets.xcassets */ = {isa = PBXFileReference; lastKnownFileType = folder.assetcatalog; path = "Preview Assets.xcassets"; sourceTree = "<group>"; };
		519B158C2B8A72ED00C564A8 /* Extentions.swift */ = {isa = PBXFileReference; lastKnownFileType = sourcecode.swift; path = Extentions.swift; sourceTree = "<group>"; };
/* End PBXFileReference section */

/* Begin PBXFrameworksBuildPhase section */
		519B15782B8A71AC00C564A8 /* Frameworks */ = {
			isa = PBXFrameworksBuildPhase;
			buildActionMask = 2147483647;
			files = (
			);
			runOnlyForDeploymentPostprocessing = 0;
		};
/* End PBXFrameworksBuildPhase section */

/* Begin PBXGroup section */
		510F12ED2BB2F95B0043EF01 /* Main Section */ = {
			isa = PBXGroup;
			children = (
				510F12EF2BB2F9CA0043EF01 /* List Section */,
				51164C6D2BB066DA009EC15B /* MainScren.swift */,
				51164C6F2BB06814009EC15B /* TransactionView.swift */,
				510F12EE2BB2F9960043EF01 /* Subviews */,
			);
			path = "Main Section";
			sourceTree = "<group>";
		};
		510F12EE2BB2F9960043EF01 /* Subviews */ = {
			isa = PBXGroup;
			children = (
				51164C712BB0737B009EC15B /* TransactionRow.swift */,
				510F12E72BB1ABFE0043EF01 /* TextFields.swift */,
				510F12E92BB1BDA60043EF01 /* SaveButton.swift */,
			);
			path = Subviews;
			sourceTree = "<group>";
		};
		510F12EF2BB2F9CA0043EF01 /* List Section */ = {
			isa = PBXGroup;
			children = (
			);
			path = "List Section";
			sourceTree = "<group>";
		};
		510F12F02BB2FA0C0043EF01 /* List Section */ = {
			isa = PBXGroup;
			children = (
				510F12F12BB2FA240043EF01 /* AccountListView.swift */,
				510F12F32BB302040043EF01 /* AccountDitailView.swift */,
				510F12F52BB307140043EF01 /* AccountCreationView.swift */,
				5148BEEB2BB30C230065292F /* AccountListTitle.swift */,
			);
			path = "List Section";
			sourceTree = "<group>";
		};
		514FBA0D2B8B535C00575B5E /* Support Files */ = {
			isa = PBXGroup;
			children = (
				519B158C2B8A72ED00C564A8 /* Extentions.swift */,
				519B15822B8A71AF00C564A8 /* Assets.xcassets */,
				514FBA0E2B8B537600575B5E /* Extention.swift */,
			);
			path = "Support Files";
			sourceTree = "<group>";
		};
		514FBA102B8B5B4800575B5E /* Model */ = {
			isa = PBXGroup;
			children = (
			);
			path = Model;
			sourceTree = "<group>";
		};
		514FBA212B8BA0B300575B5E /* MainScreen */ = {
			isa = PBXGroup;
			children = (
				514FBA102B8B5B4800575B5E /* Model */,
				514FBA232B8BA0DA00575B5E /* ViewModel */,
				514FBA222B8BA0C200575B5E /* Views */,
			);
			path = MainScreen;
			sourceTree = "<group>";
		};
		514FBA222B8BA0C200575B5E /* Views */ = {
			isa = PBXGroup;
			children = (
				510F12F02BB2FA0C0043EF01 /* List Section */,
				510F12ED2BB2F95B0043EF01 /* Main Section */,
				519B15802B8A71AC00C564A8 /* ContentView.swift */,
			);
			path = Views;
			sourceTree = "<group>";
		};
		514FBA232B8BA0DA00575B5E /* ViewModel */ = {
			isa = PBXGroup;
			children = (
				514FBA1E2B8B7CB900575B5E /* TransactionListViewModel.swift */,
			);
			path = ViewModel;
			sourceTree = "<group>";
		};
		518DBD982B9247C000F6E771 /* Services */ = {
			isa = PBXGroup;
			children = (
			);
			path = Services;
			sourceTree = "<group>";
		};
		519B15722B8A71AC00C564A8 = {
			isa = PBXGroup;
			children = (
				519B157D2B8A71AC00C564A8 /* MoneyTraker */,
				519B157C2B8A71AC00C564A8 /* Products */,
			);
			sourceTree = "<group>";
		};
		519B157C2B8A71AC00C564A8 /* Products */ = {
			isa = PBXGroup;
			children = (
				519B157B2B8A71AC00C564A8 /* MoneyTraker.app */,
			);
			name = Products;
			sourceTree = "<group>";
		};
		519B157D2B8A71AC00C564A8 /* MoneyTraker */ = {
			isa = PBXGroup;
			children = (
				518DBD982B9247C000F6E771 /* Services */,
				514FBA0D2B8B535C00575B5E /* Support Files */,
				514FBA202B8B8D0900575B5E /* Info.plist */,
				519B157E2B8A71AC00C564A8 /* MoneyTrakerApp.swift */,
				514FBA212B8BA0B300575B5E /* MainScreen */,
				519B15842B8A71AF00C564A8 /* Preview Content */,
			);
			path = MoneyTraker;
			sourceTree = "<group>";
		};
		519B15842B8A71AF00C564A8 /* Preview Content */ = {
			isa = PBXGroup;
			children = (
				519B15852B8A71AF00C564A8 /* Preview Assets.xcassets */,
			);
			path = "Preview Content";
			sourceTree = "<group>";
		};
/* End PBXGroup section */

/* Begin PBXNativeTarget section */
		519B157A2B8A71AC00C564A8 /* MoneyTraker */ = {
			isa = PBXNativeTarget;
			buildConfigurationList = 519B15892B8A71AF00C564A8 /* Build configuration list for PBXNativeTarget "MoneyTraker" */;
			buildPhases = (
				519B15772B8A71AC00C564A8 /* Sources */,
				519B15782B8A71AC00C564A8 /* Frameworks */,
				519B15792B8A71AC00C564A8 /* Resources */,
			);
			buildRules = (
			);
			dependencies = (
			);
			name = MoneyTraker;
			packageProductDependencies = (
			);
			productName = MoneyTraker;
			productReference = 519B157B2B8A71AC00C564A8 /* MoneyTraker.app */;
			productType = "com.apple.product-type.application";
		};
/* End PBXNativeTarget section */

/* Begin PBXProject section */
		519B15732B8A71AC00C564A8 /* Project object */ = {
			isa = PBXProject;
			attributes = {
				BuildIndependentTargetsInParallel = 1;
				LastSwiftUpdateCheck = 1420;
				LastUpgradeCheck = 1420;
				TargetAttributes = {
					519B157A2B8A71AC00C564A8 = {
						CreatedOnToolsVersion = 14.2;
					};
				};
			};
			buildConfigurationList = 519B15762B8A71AC00C564A8 /* Build configuration list for PBXProject "MoneyTraker" */;
			compatibilityVersion = "Xcode 14.0";
			developmentRegion = en;
			hasScannedForEncodings = 0;
			knownRegions = (
				en,
				Base,
			);
			mainGroup = 519B15722B8A71AC00C564A8;
			packageReferences = (
			);
			productRefGroup = 519B157C2B8A71AC00C564A8 /* Products */;
			projectDirPath = "";
			projectRoot = "";
			targets = (
				519B157A2B8A71AC00C564A8 /* MoneyTraker */,
			);
		};
/* End PBXProject section */

/* Begin PBXResourcesBuildPhase section */
		519B15792B8A71AC00C564A8 /* Resources */ = {
			isa = PBXResourcesBuildPhase;
			buildActionMask = 2147483647;
			files = (
				519B15862B8A71AF00C564A8 /* Preview Assets.xcassets in Resources */,
				519B15832B8A71AF00C564A8 /* Assets.xcassets in Resources */,
			);
			runOnlyForDeploymentPostprocessing = 0;
		};
/* End PBXResourcesBuildPhase section */

/* Begin PBXSourcesBuildPhase section */
		519B15772B8A71AC00C564A8 /* Sources */ = {
			isa = PBXSourcesBuildPhase;
			buildActionMask = 2147483647;
			files = (
				514FBA0F2B8B537600575B5E /* Extention.swift in Sources */,
				510F12F22BB2FA240043EF01 /* AccountListView.swift in Sources */,
				51164C702BB06814009EC15B /* TransactionView.swift in Sources */,
				514FBA1F2B8B7CB900575B5E /* TransactionListViewModel.swift in Sources */,
				5148BEEC2BB30C230065292F /* AccountListTitle.swift in Sources */,
				51164C6E2BB066DA009EC15B /* MainScren.swift in Sources */,
				519B15812B8A71AC00C564A8 /* ContentView.swift in Sources */,
				510F12F62BB307140043EF01 /* AccountCreationView.swift in Sources */,
				510F12E82BB1ABFE0043EF01 /* TextFields.swift in Sources */,
				519B157F2B8A71AC00C564A8 /* MoneyTrakerApp.swift in Sources */,
				510F12EA2BB1BDA60043EF01 /* SaveButton.swift in Sources */,
				51164C722BB0737B009EC15B /* TransactionRow.swift in Sources */,
				510F12F42BB302040043EF01 /* AccountDitailView.swift in Sources */,
				519B158D2B8A72ED00C564A8 /* Extentions.swift in Sources */,
			);
			runOnlyForDeploymentPostprocessing = 0;
		};
/* End PBXSourcesBuildPhase section */

/* Begin XCBuildConfiguration section */
		519B15872B8A71AF00C564A8 /* Debug */ = {
			isa = XCBuildConfiguration;
			buildSettings = {
				ALWAYS_SEARCH_USER_PATHS = NO;
				CLANG_ANALYZER_NONNULL = YES;
				CLANG_ANALYZER_NUMBER_OBJECT_CONVERSION = YES_AGGRESSIVE;
				CLANG_CXX_LANGUAGE_STANDARD = "gnu++20";
				CLANG_ENABLE_MODULES = YES;
				CLANG_ENABLE_OBJC_ARC = YES;
				CLANG_ENABLE_OBJC_WEAK = YES;
				CLANG_WARN_BLOCK_CAPTURE_AUTORELEASING = YES;
				CLANG_WARN_BOOL_CONVERSION = YES;
				CLANG_WARN_COMMA = YES;
				CLANG_WARN_CONSTANT_CONVERSION = YES;
				CLANG_WARN_DEPRECATED_OBJC_IMPLEMENTATIONS = YES;
				CLANG_WARN_DIRECT_OBJC_ISA_USAGE = YES_ERROR;
				CLANG_WARN_DOCUMENTATION_COMMENTS = YES;
				CLANG_WARN_EMPTY_BODY = YES;
				CLANG_WARN_ENUM_CONVERSION = YES;
				CLANG_WARN_INFINITE_RECURSION = YES;
				CLANG_WARN_INT_CONVERSION = YES;
				CLANG_WARN_NON_LITERAL_NULL_CONVERSION = YES;
				CLANG_WARN_OBJC_IMPLICIT_RETAIN_SELF = YES;
				CLANG_WARN_OBJC_LITERAL_CONVERSION = YES;
				CLANG_WARN_OBJC_ROOT_CLASS = YES_ERROR;
				CLANG_WARN_QUOTED_INCLUDE_IN_FRAMEWORK_HEADER = YES;
				CLANG_WARN_RANGE_LOOP_ANALYSIS = YES;
				CLANG_WARN_STRICT_PROTOTYPES = YES;
				CLANG_WARN_SUSPICIOUS_MOVE = YES;
				CLANG_WARN_UNGUARDED_AVAILABILITY = YES_AGGRESSIVE;
				CLANG_WARN_UNREACHABLE_CODE = YES;
				CLANG_WARN__DUPLICATE_METHOD_MATCH = YES;
				COPY_PHASE_STRIP = NO;
				DEBUG_INFORMATION_FORMAT = dwarf;
				ENABLE_STRICT_OBJC_MSGSEND = YES;
				ENABLE_TESTABILITY = YES;
				GCC_C_LANGUAGE_STANDARD = gnu11;
				GCC_DYNAMIC_NO_PIC = NO;
				GCC_NO_COMMON_BLOCKS = YES;
				GCC_OPTIMIZATION_LEVEL = 0;
				GCC_PREPROCESSOR_DEFINITIONS = (
					"DEBUG=1",
					"$(inherited)",
				);
				GCC_WARN_64_TO_32_BIT_CONVERSION = YES;
				GCC_WARN_ABOUT_RETURN_TYPE = YES_ERROR;
				GCC_WARN_UNDECLARED_SELECTOR = YES;
				GCC_WARN_UNINITIALIZED_AUTOS = YES_AGGRESSIVE;
				GCC_WARN_UNUSED_FUNCTION = YES;
				GCC_WARN_UNUSED_VARIABLE = YES;
				IPHONEOS_DEPLOYMENT_TARGET = 16.2;
				MTL_ENABLE_DEBUG_INFO = INCLUDE_SOURCE;
				MTL_FAST_MATH = YES;
				ONLY_ACTIVE_ARCH = YES;
				SDKROOT = iphoneos;
				SWIFT_ACTIVE_COMPILATION_CONDITIONS = DEBUG;
				SWIFT_OPTIMIZATION_LEVEL = "-Onone";
			};
			name = Debug;
		};
		519B15882B8A71AF00C564A8 /* Release */ = {
			isa = XCBuildConfiguration;
			buildSettings = {
				ALWAYS_SEARCH_USER_PATHS = NO;
				CLANG_ANALYZER_NONNULL = YES;
				CLANG_ANALYZER_NUMBER_OBJECT_CONVERSION = YES_AGGRESSIVE;
				CLANG_CXX_LANGUAGE_STANDARD = "gnu++20";
				CLANG_ENABLE_MODULES = YES;
				CLANG_ENABLE_OBJC_ARC = YES;
				CLANG_ENABLE_OBJC_WEAK = YES;
				CLANG_WARN_BLOCK_CAPTURE_AUTORELEASING = YES;
				CLANG_WARN_BOOL_CONVERSION = YES;
				CLANG_WARN_COMMA = YES;
				CLANG_WARN_CONSTANT_CONVERSION = YES;
				CLANG_WARN_DEPRECATED_OBJC_IMPLEMENTATIONS = YES;
				CLANG_WARN_DIRECT_OBJC_ISA_USAGE = YES_ERROR;
				CLANG_WARN_DOCUMENTATION_COMMENTS = YES;
				CLANG_WARN_EMPTY_BODY = YES;
				CLANG_WARN_ENUM_CONVERSION = YES;
				CLANG_WARN_INFINITE_RECURSION = YES;
				CLANG_WARN_INT_CONVERSION = YES;
				CLANG_WARN_NON_LITERAL_NULL_CONVERSION = YES;
				CLANG_WARN_OBJC_IMPLICIT_RETAIN_SELF = YES;
				CLANG_WARN_OBJC_LITERAL_CONVERSION = YES;
				CLANG_WARN_OBJC_ROOT_CLASS = YES_ERROR;
				CLANG_WARN_QUOTED_INCLUDE_IN_FRAMEWORK_HEADER = YES;
				CLANG_WARN_RANGE_LOOP_ANALYSIS = YES;
				CLANG_WARN_STRICT_PROTOTYPES = YES;
				CLANG_WARN_SUSPICIOUS_MOVE = YES;
				CLANG_WARN_UNGUARDED_AVAILABILITY = YES_AGGRESSIVE;
				CLANG_WARN_UNREACHABLE_CODE = YES;
				CLANG_WARN__DUPLICATE_METHOD_MATCH = YES;
				COPY_PHASE_STRIP = NO;
				DEBUG_INFORMATION_FORMAT = "dwarf-with-dsym";
				ENABLE_NS_ASSERTIONS = NO;
				ENABLE_STRICT_OBJC_MSGSEND = YES;
				GCC_C_LANGUAGE_STANDARD = gnu11;
				GCC_NO_COMMON_BLOCKS = YES;
				GCC_WARN_64_TO_32_BIT_CONVERSION = YES;
				GCC_WARN_ABOUT_RETURN_TYPE = YES_ERROR;
				GCC_WARN_UNDECLARED_SELECTOR = YES;
				GCC_WARN_UNINITIALIZED_AUTOS = YES_AGGRESSIVE;
				GCC_WARN_UNUSED_FUNCTION = YES;
				GCC_WARN_UNUSED_VARIABLE = YES;
				IPHONEOS_DEPLOYMENT_TARGET = 16.2;
				MTL_ENABLE_DEBUG_INFO = NO;
				MTL_FAST_MATH = YES;
				SDKROOT = iphoneos;
				SWIFT_COMPILATION_MODE = wholemodule;
				SWIFT_OPTIMIZATION_LEVEL = "-O";
				VALIDATE_PRODUCT = YES;
			};
			name = Release;
		};
		519B158A2B8A71AF00C564A8 /* Debug */ = {
			isa = XCBuildConfiguration;
			buildSettings = {
				ASSETCATALOG_COMPILER_APPICON_NAME = AppIcon;
				ASSETCATALOG_COMPILER_GLOBAL_ACCENT_COLOR_NAME = AccentColor;
				CODE_SIGN_STYLE = Automatic;
				CURRENT_PROJECT_VERSION = 1;
				DEVELOPMENT_ASSET_PATHS = "\"MoneyTraker/Preview Content\"";
				DEVELOPMENT_TEAM = TL2V4D22UR;
				ENABLE_PREVIEWS = YES;
				GENERATE_INFOPLIST_FILE = YES;
				INFOPLIST_FILE = MoneyTraker/Info.plist;
				INFOPLIST_KEY_UIApplicationSupportsIndirectInputEvents = YES;
				INFOPLIST_KEY_UILaunchScreen_Generation = YES;
				INFOPLIST_KEY_UISupportedInterfaceOrientations_iPad = "UIInterfaceOrientationPortrait UIInterfaceOrientationPortraitUpsideDown UIInterfaceOrientationLandscapeLeft UIInterfaceOrientationLandscapeRight";
				INFOPLIST_KEY_UISupportedInterfaceOrientations_iPhone = "UIInterfaceOrientationPortrait UIInterfaceOrientationLandscapeLeft UIInterfaceOrientationLandscapeRight";
				LD_RUNPATH_SEARCH_PATHS = (
					"$(inherited)",
					"@executable_path/Frameworks",
				);
				MARKETING_VERSION = 1.0;
				PRODUCT_BUNDLE_IDENTIFIER = "Viktorya-Fedosova.MoneyTraker";
				PRODUCT_NAME = "$(TARGET_NAME)";
				SWIFT_EMIT_LOC_STRINGS = YES;
				SWIFT_VERSION = 5.0;
				TARGETED_DEVICE_FAMILY = "1,2";
			};
			name = Debug;
		};
		519B158B2B8A71AF00C564A8 /* Release */ = {
			isa = XCBuildConfiguration;
			buildSettings = {
				ASSETCATALOG_COMPILER_APPICON_NAME = AppIcon;
				ASSETCATALOG_COMPILER_GLOBAL_ACCENT_COLOR_NAME = AccentColor;
				CODE_SIGN_STYLE = Automatic;
				CURRENT_PROJECT_VERSION = 1;
				DEVELOPMENT_ASSET_PATHS = "\"MoneyTraker/Preview Content\"";
				DEVELOPMENT_TEAM = TL2V4D22UR;
				ENABLE_PREVIEWS = YES;
				GENERATE_INFOPLIST_FILE = YES;
				INFOPLIST_FILE = MoneyTraker/Info.plist;
				INFOPLIST_KEY_UIApplicationSupportsIndirectInputEvents = YES;
				INFOPLIST_KEY_UILaunchScreen_Generation = YES;
				INFOPLIST_KEY_UISupportedInterfaceOrientations_iPad = "UIInterfaceOrientationPortrait UIInterfaceOrientationPortraitUpsideDown UIInterfaceOrientationLandscapeLeft UIInterfaceOrientationLandscapeRight";
				INFOPLIST_KEY_UISupportedInterfaceOrientations_iPhone = "UIInterfaceOrientationPortrait UIInterfaceOrientationLandscapeLeft UIInterfaceOrientationLandscapeRight";
				LD_RUNPATH_SEARCH_PATHS = (
					"$(inherited)",
					"@executable_path/Frameworks",
				);
				MARKETING_VERSION = 1.0;
				PRODUCT_BUNDLE_IDENTIFIER = "Viktorya-Fedosova.MoneyTraker";
				PRODUCT_NAME = "$(TARGET_NAME)";
				SWIFT_EMIT_LOC_STRINGS = YES;
				SWIFT_VERSION = 5.0;
				TARGETED_DEVICE_FAMILY = "1,2";
			};
			name = Release;
		};
/* End XCBuildConfiguration section */

/* Begin XCConfigurationList section */
		519B15762B8A71AC00C564A8 /* Build configuration list for PBXProject "MoneyTraker" */ = {
			isa = XCConfigurationList;
			buildConfigurations = (
				519B15872B8A71AF00C564A8 /* Debug */,
				519B15882B8A71AF00C564A8 /* Release */,
			);
			defaultConfigurationIsVisible = 0;
			defaultConfigurationName = Release;
		};
		519B15892B8A71AF00C564A8 /* Build configuration list for PBXNativeTarget "MoneyTraker" */ = {
			isa = XCConfigurationList;
			buildConfigurations = (
				519B158A2B8A71AF00C564A8 /* Debug */,
				519B158B2B8A71AF00C564A8 /* Release */,
			);
			defaultConfigurationIsVisible = 0;
			defaultConfigurationName = Release;
		};
/* End XCConfigurationList section */
	};
	rootObject = 519B15732B8A71AC00C564A8 /* Project object */;
}
